
Microsoft Visual Studio Solution File, Format Version 12.00
# Visual Studio 2013
VisualStudioVersion = 12.0.21005.1
MinimumVisualStudioVersion = 10.0.40219.1
Project("{FAE04EC0-301F-11D3-BF4B-00C04F79EFBC}") = "OnToyOnTube.Droid", "OnToyOnTube\OnToyOnTube.Droid\OnToyOnTube.Droid.csproj", "{999A5E14-187F-4111-843A-05ECA3695FC4}"
EndProject
Project("{FAE04EC0-301F-11D3-BF4B-00C04F79EFBC}") = "OnToyOnTube.iOS", "OnToyOnTube\OnToyOnTube.iOS\OnToyOnTube.iOS.csproj", "{760890A1-1908-49EA-9B7B-614B46E11612}"
EndProject
Project("{FAE04EC0-301F-11D3-BF4B-00C04F79EFBC}") = "OnToyOnTube.Windows", "OnToyOnTube\OnToyOnTube.Windows\OnToyOnTube.Windows.csproj", "{0D98D2B9-EEC9-4BC7-8797-9F1D4D03347E}"
EndProject
Project("{FAE04EC0-301F-11D3-BF4B-00C04F79EFBC}") = "OnToyOnTube", "OnToyOnTube\OnToyOnTube\OnToyOnTube.csproj", "{333C5B6F-9597-48FA-BC18-EC4DF2F4B41C}"
EndProject
Global
	GlobalSection(SolutionConfigurationPlatforms) = preSolution
		Ad-Hoc|Any CPU = Ad-Hoc|Any CPU
		Ad-Hoc|ARM = Ad-Hoc|ARM
		Ad-Hoc|iPhone = Ad-Hoc|iPhone
		Ad-Hoc|iPhoneSimulator = Ad-Hoc|iPhoneSimulator
		Ad-Hoc|Mixed Platforms = Ad-Hoc|Mixed Platforms
		Ad-Hoc|x64 = Ad-Hoc|x64
		Ad-Hoc|x86 = Ad-Hoc|x86
		AppStore|Any CPU = AppStore|Any CPU
		AppStore|ARM = AppStore|ARM
		AppStore|iPhone = AppStore|iPhone
		AppStore|iPhoneSimulator = AppStore|iPhoneSimulator
		AppStore|Mixed Platforms = AppStore|Mixed Platforms
		AppStore|x64 = AppStore|x64
		AppStore|x86 = AppStore|x86
		Debug|Any CPU = Debug|Any CPU
		Debug|ARM = Debug|ARM
		Debug|iPhone = Debug|iPhone
		Debug|iPhoneSimulator = Debug|iPhoneSimulator
		Debug|Mixed Platforms = Debug|Mixed Platforms
		Debug|x64 = Debug|x64
		Debug|x86 = Debug|x86
		Release|Any CPU = Release|Any CPU
		Release|ARM = Release|ARM
		Release|iPhone = Release|iPhone
		Release|iPhoneSimulator = Release|iPhoneSimulator
		Release|Mixed Platforms = Release|Mixed Platforms
		Release|x64 = Release|x64
		Release|x86 = Release|x86
	EndGlobalSection
	GlobalSection(ProjectConfigurationPlatforms) = postSolution
		{999A5E14-187F-4111-843A-05ECA3695FC4}.Ad-Hoc|Any CPU.ActiveCfg = Release|Any CPU
		{999A5E14-187F-4111-843A-05ECA3695FC4}.Ad-Hoc|Any CPU.Build.0 = Release|Any CPU
		{999A5E14-187F-4111-843A-05ECA3695FC4}.Ad-Hoc|Any CPU.Deploy.0 = Release|Any CPU
		{999A5E14-187F-4111-843A-05ECA3695FC4}.Ad-Hoc|ARM.ActiveCfg = Release|Any CPU
		{999A5E14-187F-4111-843A-05ECA3695FC4}.Ad-Hoc|iPhone.ActiveCfg = Release|Any CPU
		{999A5E14-187F-4111-843A-05ECA3695FC4}.Ad-Hoc|iPhoneSimulator.ActiveCfg = Release|Any CPU
		{999A5E14-187F-4111-843A-05ECA3695FC4}.Ad-Hoc|Mixed Platforms.ActiveCfg = Release|Any CPU
		{999A5E14-187F-4111-843A-05ECA3695FC4}.Ad-Hoc|Mixed Platforms.Build.0 = Release|Any CPU
		{999A5E14-187F-4111-843A-05ECA3695FC4}.Ad-Hoc|Mixed Platforms.Deploy.0 = Release|Any CPU
		{999A5E14-187F-4111-843A-05ECA3695FC4}.Ad-Hoc|x64.ActiveCfg = Release|Any CPU
		{999A5E14-187F-4111-843A-05ECA3695FC4}.Ad-Hoc|x86.ActiveCfg = Release|Any CPU
		{999A5E14-187F-4111-843A-05ECA3695FC4}.AppStore|Any CPU.ActiveCfg = Release|Any CPU
		{999A5E14-187F-4111-843A-05ECA3695FC4}.AppStore|Any CPU.Build.0 = Release|Any CPU
		{999A5E14-187F-4111-843A-05ECA3695FC4}.AppStore|Any CPU.Deploy.0 = Release|Any CPU
		{999A5E14-187F-4111-843A-05ECA3695FC4}.AppStore|ARM.ActiveCfg = Release|Any CPU
		{999A5E14-187F-4111-843A-05ECA3695FC4}.AppStore|iPhone.ActiveCfg = Release|Any CPU
		{999A5E14-187F-4111-843A-05ECA3695FC4}.AppStore|iPhoneSimulator.ActiveCfg = Release|Any CPU
		{999A5E14-187F-4111-843A-05ECA3695FC4}.AppStore|Mixed Platforms.ActiveCfg = Release|Any CPU
		{999A5E14-187F-4111-843A-05ECA3695FC4}.AppStore|Mixed Platforms.Build.0 = Release|Any CPU
		{999A5E14-187F-4111-843A-05ECA3695FC4}.AppStore|Mixed Platforms.Deploy.0 = Release|Any CPU
		{999A5E14-187F-4111-843A-05ECA3695FC4}.AppStore|x64.ActiveCfg = Release|Any CPU
		{999A5E14-187F-4111-843A-05ECA3695FC4}.AppStore|x86.ActiveCfg = Release|Any CPU
		{999A5E14-187F-4111-843A-05ECA3695FC4}.Debug|Any CPU.ActiveCfg = Debug|Any CPU
		{999A5E14-187F-4111-843A-05ECA3695FC4}.Debug|Any CPU.Build.0 = Debug|Any CPU
		{999A5E14-187F-4111-843A-05ECA3695FC4}.Debug|Any CPU.Deploy.0 = Debug|Any CPU
		{999A5E14-187F-4111-843A-05ECA3695FC4}.Debug|ARM.ActiveCfg = Debug|Any CPU
		{999A5E14-187F-4111-843A-05ECA3695FC4}.Debug|iPhone.ActiveCfg = Debug|Any CPU
		{999A5E14-187F-4111-843A-05ECA3695FC4}.Debug|iPhoneSimulator.ActiveCfg = Debug|Any CPU
		{999A5E14-187F-4111-843A-05ECA3695FC4}.Debug|Mixed Platforms.ActiveCfg = Debug|Any CPU
		{999A5E14-187F-4111-843A-05ECA3695FC4}.Debug|Mixed Platforms.Build.0 = Debug|Any CPU
		{999A5E14-187F-4111-843A-05ECA3695FC4}.Debug|Mixed Platforms.Deploy.0 = Debug|Any CPU
		{999A5E14-187F-4111-843A-05ECA3695FC4}.Debug|x64.ActiveCfg = Debug|Any CPU
		{999A5E14-187F-4111-843A-05ECA3695FC4}.Debug|x86.ActiveCfg = Debug|Any CPU
		{999A5E14-187F-4111-843A-05ECA3695FC4}.Release|Any CPU.ActiveCfg = Release|Any CPU
		{999A5E14-187F-4111-843A-05ECA3695FC4}.Release|Any CPU.Build.0 = Release|Any CPU
		{999A5E14-187F-4111-843A-05ECA3695FC4}.Release|Any CPU.Deploy.0 = Release|Any CPU
		{999A5E14-187F-4111-843A-05ECA3695FC4}.Release|ARM.ActiveCfg = Release|Any CPU
		{999A5E14-187F-4111-843A-05ECA3695FC4}.Release|iPhone.ActiveCfg = Release|Any CPU
		{999A5E14-187F-4111-843A-05ECA3695FC4}.Release|iPhoneSimulator.ActiveCfg = Release|Any CPU
		{999A5E14-187F-4111-843A-05ECA3695FC4}.Release|Mixed Platforms.ActiveCfg = Release|Any CPU
		{999A5E14-187F-4111-843A-05ECA3695FC4}.Release|Mixed Platforms.Build.0 = Release|Any CPU
		{999A5E14-187F-4111-843A-05ECA3695FC4}.Release|Mixed Platforms.Deploy.0 = Release|Any CPU
		{999A5E14-187F-4111-843A-05ECA3695FC4}.Release|x64.ActiveCfg = Release|Any CPU
		{999A5E14-187F-4111-843A-05ECA3695FC4}.Release|x86.ActiveCfg = Release|Any CPU
		{760890A1-1908-49EA-9B7B-614B46E11612}.Ad-Hoc|Any CPU.ActiveCfg = Ad-Hoc|iPhone
		{760890A1-1908-49EA-9B7B-614B46E11612}.Ad-Hoc|ARM.ActiveCfg = Ad-Hoc|iPhone
		{760890A1-1908-49EA-9B7B-614B46E11612}.Ad-Hoc|iPhone.ActiveCfg = Ad-Hoc|iPhone
		{760890A1-1908-49EA-9B7B-614B46E11612}.Ad-Hoc|iPhone.Build.0 = Ad-Hoc|iPhone
		{760890A1-1908-49EA-9B7B-614B46E11612}.Ad-Hoc|iPhoneSimulator.ActiveCfg = Ad-Hoc|iPhoneSimulator
		{760890A1-1908-49EA-9B7B-614B46E11612}.Ad-Hoc|iPhoneSimulator.Build.0 = Ad-Hoc|iPhoneSimulator
		{760890A1-1908-49EA-9B7B-614B46E11612}.Ad-Hoc|Mixed Platforms.ActiveCfg = Ad-Hoc|iPhone
		{760890A1-1908-49EA-9B7B-614B46E11612}.Ad-Hoc|Mixed Platforms.Build.0 = Ad-Hoc|iPhone
		{760890A1-1908-49EA-9B7B-614B46E11612}.Ad-Hoc|x64.ActiveCfg = Ad-Hoc|iPhone
		{760890A1-1908-49EA-9B7B-614B46E11612}.Ad-Hoc|x86.ActiveCfg = Ad-Hoc|iPhone
		{760890A1-1908-49EA-9B7B-614B46E11612}.AppStore|Any CPU.ActiveCfg = AppStore|iPhone
		{760890A1-1908-49EA-9B7B-614B46E11612}.AppStore|ARM.ActiveCfg = AppStore|iPhone
		{760890A1-1908-49EA-9B7B-614B46E11612}.AppStore|iPhone.ActiveCfg = AppStore|iPhone
		{760890A1-1908-49EA-9B7B-614B46E11612}.AppStore|iPhone.Build.0 = AppStore|iPhone
		{760890A1-1908-49EA-9B7B-614B46E11612}.AppStore|iPhoneSimulator.ActiveCfg = AppStore|iPhoneSimulator
		{760890A1-1908-49EA-9B7B-614B46E11612}.AppStore|iPhoneSimulator.Build.0 = AppStore|iPhoneSimulator
		{760890A1-1908-49EA-9B7B-614B46E11612}.AppStore|Mixed Platforms.ActiveCfg = AppStore|iPhone
		{760890A1-1908-49EA-9B7B-614B46E11612}.AppStore|Mixed Platforms.Build.0 = AppStore|iPhone
		{760890A1-1908-49EA-9B7B-614B46E11612}.AppStore|x64.ActiveCfg = AppStore|iPhone
		{760890A1-1908-49EA-9B7B-614B46E11612}.AppStore|x86.ActiveCfg = AppStore|iPhone
		{760890A1-1908-49EA-9B7B-614B46E11612}.Debug|Any CPU.ActiveCfg = Debug|iPhone
		{760890A1-1908-49EA-9B7B-614B46E11612}.Debug|ARM.ActiveCfg = Debug|iPhone
		{760890A1-1908-49EA-9B7B-614B46E11612}.Debug|iPhone.ActiveCfg = Debug|iPhone
		{760890A1-1908-49EA-9B7B-614B46E11612}.Debug|iPhone.Build.0 = Debug|iPhone
		{760890A1-1908-49EA-9B7B-614B46E11612}.Debug|iPhoneSimulator.ActiveCfg = Debug|iPhoneSimulator
		{760890A1-1908-49EA-9B7B-614B46E11612}.Debug|iPhoneSimulator.Build.0 = Debug|iPhoneSimulator
		{760890A1-1908-49EA-9B7B-614B46E11612}.Debug|Mixed Platforms.ActiveCfg = Debug|iPhone
		{760890A1-1908-49EA-9B7B-614B46E11612}.Debug|Mixed Platforms.Build.0 = Debug|iPhone
		{760890A1-1908-49EA-9B7B-614B46E11612}.Debug|x64.ActiveCfg = Debug|iPhone
		{760890A1-1908-49EA-9B7B-614B46E11612}.Debug|x86.ActiveCfg = Debug|iPhone
		{760890A1-1908-49EA-9B7B-614B46E11612}.Release|Any CPU.ActiveCfg = Release|iPhone
		{760890A1-1908-49EA-9B7B-614B46E11612}.Release|ARM.ActiveCfg = Release|iPhone
		{760890A1-1908-49EA-9B7B-614B46E11612}.Release|iPhone.ActiveCfg = Release|iPhone
		{760890A1-1908-49EA-9B7B-614B46E11612}.Release|iPhone.Build.0 = Release|iPhone
		{760890A1-1908-49EA-9B7B-614B46E11612}.Release|iPhoneSimulator.ActiveCfg = Release|iPhoneSimulator
		{760890A1-1908-49EA-9B7B-614B46E11612}.Release|iPhoneSimulator.Build.0 = Release|iPhoneSimulator
		{760890A1-1908-49EA-9B7B-614B46E11612}.Release|Mixed Platforms.ActiveCfg = Release|iPhone
		{760890A1-1908-49EA-9B7B-614B46E11612}.Release|Mixed Platforms.Build.0 = Release|iPhone
		{760890A1-1908-49EA-9B7B-614B46E11612}.Release|x64.ActiveCfg = Release|iPhone
		{760890A1-1908-49EA-9B7B-614B46E11612}.Release|x86.ActiveCfg = Release|iPhone
		{0D98D2B9-EEC9-4BC7-8797-9F1D4D03347E}.Ad-Hoc|Any CPU.ActiveCfg = Release|Any CPU
		{0D98D2B9-EEC9-4BC7-8797-9F1D4D03347E}.Ad-Hoc|Any CPU.Build.0 = Release|Any CPU
		{0D98D2B9-EEC9-4BC7-8797-9F1D4D03347E}.Ad-Hoc|Any CPU.Deploy.0 = Release|Any CPU
		{0D98D2B9-EEC9-4BC7-8797-9F1D4D03347E}.Ad-Hoc|ARM.ActiveCfg = Release|ARM
		{0D98D2B9-EEC9-4BC7-8797-9F1D4D03347E}.Ad-Hoc|ARM.Build.0 = Release|ARM
		{0D98D2B9-EEC9-4BC7-8797-9F1D4D03347E}.Ad-Hoc|ARM.Deploy.0 = Release|ARM
		{0D98D2B9-EEC9-4BC7-8797-9F1D4D03347E}.Ad-Hoc|iPhone.ActiveCfg = Release|Any CPU
		{0D98D2B9-EEC9-4BC7-8797-9F1D4D03347E}.Ad-Hoc|iPhoneSimulator.ActiveCfg = Release|Any CPU
		{0D98D2B9-EEC9-4BC7-8797-9F1D4D03347E}.Ad-Hoc|Mixed Platforms.ActiveCfg = Release|x86
		{0D98D2B9-EEC9-4BC7-8797-9F1D4D03347E}.Ad-Hoc|Mixed Platforms.Build.0 = Release|x86
		{0D98D2B9-EEC9-4BC7-8797-9F1D4D03347E}.Ad-Hoc|Mixed Platforms.Deploy.0 = Release|x86
		{0D98D2B9-EEC9-4BC7-8797-9F1D4D03347E}.Ad-Hoc|x64.ActiveCfg = Release|x64
		{0D98D2B9-EEC9-4BC7-8797-9F1D4D03347E}.Ad-Hoc|x64.Build.0 = Release|x64
		{0D98D2B9-EEC9-4BC7-8797-9F1D4D03347E}.Ad-Hoc|x64.Deploy.0 = Release|x64
		{0D98D2B9-EEC9-4BC7-8797-9F1D4D03347E}.Ad-Hoc|x86.ActiveCfg = Release|x86
		{0D98D2B9-EEC9-4BC7-8797-9F1D4D03347E}.Ad-Hoc|x86.Build.0 = Release|x86
		{0D98D2B9-EEC9-4BC7-8797-9F1D4D03347E}.Ad-Hoc|x86.Deploy.0 = Release|x86
		{0D98D2B9-EEC9-4BC7-8797-9F1D4D03347E}.AppStore|Any CPU.ActiveCfg = Release|Any CPU
		{0D98D2B9-EEC9-4BC7-8797-9F1D4D03347E}.AppStore|Any CPU.Build.0 = Release|Any CPU
		{0D98D2B9-EEC9-4BC7-8797-9F1D4D03347E}.AppStore|Any CPU.Deploy.0 = Release|Any CPU
		{0D98D2B9-EEC9-4BC7-8797-9F1D4D03347E}.AppStore|ARM.ActiveCfg = Release|ARM
		{0D98D2B9-EEC9-4BC7-8797-9F1D4D03347E}.AppStore|ARM.Build.0 = Release|ARM
		{0D98D2B9-EEC9-4BC7-8797-9F1D4D03347E}.AppStore|ARM.Deploy.0 = Release|ARM
		{0D98D2B9-EEC9-4BC7-8797-9F1D4D03347E}.AppStore|iPhone.ActiveCfg = Release|Any CPU
		{0D98D2B9-EEC9-4BC7-8797-9F1D4D03347E}.AppStore|iPhoneSimulator.ActiveCfg = Release|Any CPU
		{0D98D2B9-EEC9-4BC7-8797-9F1D4D03347E}.AppStore|Mixed Platforms.ActiveCfg = Release|x86
		{0D98D2B9-EEC9-4BC7-8797-9F1D4D03347E}.AppStore|Mixed Platforms.Build.0 = Release|x86
		{0D98D2B9-EEC9-4BC7-8797-9F1D4D03347E}.AppStore|Mixed Platforms.Deploy.0 = Release|x86
		{0D98D2B9-EEC9-4BC7-8797-9F1D4D03347E}.AppStore|x64.ActiveCfg = Release|x64
		{0D98D2B9-EEC9-4BC7-8797-9F1D4D03347E}.AppStore|x64.Build.0 = Release|x64
		{0D98D2B9-EEC9-4BC7-8797-9F1D4D03347E}.AppStore|x64.Deploy.0 = Release|x64
		{0D98D2B9-EEC9-4BC7-8797-9F1D4D03347E}.AppStore|x86.ActiveCfg = Release|x86
		{0D98D2B9-EEC9-4BC7-8797-9F1D4D03347E}.AppStore|x86.Build.0 = Release|x86
		{0D98D2B9-EEC9-4BC7-8797-9F1D4D03347E}.AppStore|x86.Deploy.0 = Release|x86
		{0D98D2B9-EEC9-4BC7-8797-9F1D4D03347E}.Debug|Any CPU.ActiveCfg = Debug|Any CPU
		{0D98D2B9-EEC9-4BC7-8797-9F1D4D03347E}.Debug|Any CPU.Build.0 = Debug|Any CPU
		{0D98D2B9-EEC9-4BC7-8797-9F1D4D03347E}.Debug|Any CPU.Deploy.0 = Debug|Any CPU
		{0D98D2B9-EEC9-4BC7-8797-9F1D4D03347E}.Debug|ARM.ActiveCfg = Debug|ARM
		{0D98D2B9-EEC9-4BC7-8797-9F1D4D03347E}.Debug|ARM.Build.0 = Debug|ARM
		{0D98D2B9-EEC9-4BC7-8797-9F1D4D03347E}.Debug|ARM.Deploy.0 = Debug|ARM
		{0D98D2B9-EEC9-4BC7-8797-9F1D4D03347E}.Debug|iPhone.ActiveCfg = Debug|Any CPU
		{0D98D2B9-EEC9-4BC7-8797-9F1D4D03347E}.Debug|iPhoneSimulator.ActiveCfg = Debug|Any CPU
		{0D98D2B9-EEC9-4BC7-8797-9F1D4D03347E}.Debug|Mixed Platforms.ActiveCfg = Debug|x86
		{0D98D2B9-EEC9-4BC7-8797-9F1D4D03347E}.Debug|Mixed Platforms.Build.0 = Debug|x86
		{0D98D2B9-EEC9-4BC7-8797-9F1D4D03347E}.Debug|Mixed Platforms.Deploy.0 = Debug|x86
		{0D98D2B9-EEC9-4BC7-8797-9F1D4D03347E}.Debug|x64.ActiveCfg = Debug|x64
		{0D98D2B9-EEC9-4BC7-8797-9F1D4D03347E}.Debug|x64.Build.0 = Debug|x64
		{0D98D2B9-EEC9-4BC7-8797-9F1D4D03347E}.Debug|x64.Deploy.0 = Debug|x64
		{0D98D2B9-EEC9-4BC7-8797-9F1D4D03347E}.Debug|x86.ActiveCfg = Debug|x86
		{0D98D2B9-EEC9-4BC7-8797-9F1D4D03347E}.Debug|x86.Build.0 = Debug|x86
		{0D98D2B9-EEC9-4BC7-8797-9F1D4D03347E}.Debug|x86.Deploy.0 = Debug|x86
		{0D98D2B9-EEC9-4BC7-8797-9F1D4D03347E}.Release|Any CPU.ActiveCfg = Release|Any CPU
		{0D98D2B9-EEC9-4BC7-8797-9F1D4D03347E}.Release|Any CPU.Build.0 = Release|Any CPU
		{0D98D2B9-EEC9-4BC7-8797-9F1D4D03347E}.Release|Any CPU.Deploy.0 = Release|Any CPU
		{0D98D2B9-EEC9-4BC7-8797-9F1D4D03347E}.Release|ARM.ActiveCfg = Release|ARM
		{0D98D2B9-EEC9-4BC7-8797-9F1D4D03347E}.Release|ARM.Build.0 = Release|ARM
		{0D98D2B9-EEC9-4BC7-8797-9F1D4D03347E}.Release|ARM.Deploy.0 = Release|ARM
		{0D98D2B9-EEC9-4BC7-8797-9F1D4D03347E}.Release|iPhone.ActiveCfg = Release|Any CPU
		{0D98D2B9-EEC9-4BC7-8797-9F1D4D03347E}.Release|iPhoneSimulator.ActiveCfg = Release|Any CPU
		{0D98D2B9-EEC9-4BC7-8797-9F1D4D03347E}.Release|Mixed Platforms.ActiveCfg = Release|x86
		{0D98D2B9-EEC9-4BC7-8797-9F1D4D03347E}.Release|Mixed Platforms.Build.0 = Release|x86
		{0D98D2B9-EEC9-4BC7-8797-9F1D4D03347E}.Release|Mixed Platforms.Deploy.0 = Release|x86
		{0D98D2B9-EEC9-4BC7-8797-9F1D4D03347E}.Release|x64.ActiveCfg = Release|x64
		{0D98D2B9-EEC9-4BC7-8797-9F1D4D03347E}.Release|x64.Build.0 = Release|x64
		{0D98D2B9-EEC9-4BC7-8797-9F1D4D03347E}.Release|x64.Deploy.0 = Release|x64
		{0D98D2B9-EEC9-4BC7-8797-9F1D4D03347E}.Release|x86.ActiveCfg = Release|x86
		{0D98D2B9-EEC9-4BC7-8797-9F1D4D03347E}.Release|x86.Build.0 = Release|x86
		{0D98D2B9-EEC9-4BC7-8797-9F1D4D03347E}.Release|x86.Deploy.0 = Release|x86
		{333C5B6F-9597-48FA-BC18-EC4DF2F4B41C}.Ad-Hoc|Any CPU.ActiveCfg = Release|Any CPU
		{333C5B6F-9597-48FA-BC18-EC4DF2F4B41C}.Ad-Hoc|Any CPU.Build.0 = Release|Any CPU
		{333C5B6F-9597-48FA-BC18-EC4DF2F4B41C}.Ad-Hoc|ARM.ActiveCfg = Release|Any CPU
		{333C5B6F-9597-48FA-BC18-EC4DF2F4B41C}.Ad-Hoc|iPhone.ActiveCfg = Release|Any CPU
		{333C5B6F-9597-48FA-BC18-EC4DF2F4B41C}.Ad-Hoc|iPhoneSimulator.ActiveCfg = Release|Any CPU
		{333C5B6F-9597-48FA-BC18-EC4DF2F4B41C}.Ad-Hoc|Mixed Platforms.ActiveCfg = Release|Any CPU
		{333C5B6F-9597-48FA-BC18-EC4DF2F4B41C}.Ad-Hoc|Mixed Platforms.Build.0 = Release|Any CPU
		{333C5B6F-9597-48FA-BC18-EC4DF2F4B41C}.Ad-Hoc|x64.ActiveCfg = Release|Any CPU
		{333C5B6F-9597-48FA-BC18-EC4DF2F4B41C}.Ad-Hoc|x86.ActiveCfg = Release|Any CPU
		{333C5B6F-9597-48FA-BC18-EC4DF2F4B41C}.AppStore|Any CPU.ActiveCfg = Release|Any CPU
		{333C5B6F-9597-48FA-BC18-EC4DF2F4B41C}.AppStore|Any CPU.Build.0 = Release|Any CPU
		{333C5B6F-9597-48FA-BC18-EC4DF2F4B41C}.AppStore|ARM.ActiveCfg = Release|Any CPU
		{333C5B6F-9597-48FA-BC18-EC4DF2F4B41C}.AppStore|iPhone.ActiveCfg = Release|Any CPU
		{333C5B6F-9597-48FA-BC18-EC4DF2F4B41C}.AppStore|iPhoneSimulator.ActiveCfg = Release|Any CPU
		{333C5B6F-9597-48FA-BC18-EC4DF2F4B41C}.AppStore|Mixed Platforms.ActiveCfg = Release|Any CPU
		{333C5B6F-9597-48FA-BC18-EC4DF2F4B41C}.AppStore|Mixed Platforms.Build.0 = Release|Any CPU
		{333C5B6F-9597-48FA-BC18-EC4DF2F4B41C}.AppStore|x64.ActiveCfg = Release|Any CPU
		{333C5B6F-9597-48FA-BC18-EC4DF2F4B41C}.AppStore|x86.ActiveCfg = Release|Any CPU
		{333C5B6F-9597-48FA-BC18-EC4DF2F4B41C}.Debug|Any CPU.ActiveCfg = Debug|Any CPU
		{333C5B6F-9597-48FA-BC18-EC4DF2F4B41C}.Debug|Any CPU.Build.0 = Debug|Any CPU
		{333C5B6F-9597-48FA-BC18-EC4DF2F4B41C}.Debug|ARM.ActiveCfg = Debug|Any CPU
		{333C5B6F-9597-48FA-BC18-EC4DF2F4B41C}.Debug|iPhone.ActiveCfg = Debug|Any CPU
		{333C5B6F-9597-48FA-BC18-EC4DF2F4B41C}.Debug|iPhoneSimulator.ActiveCfg = Debug|Any CPU
		{333C5B6F-9597-48FA-BC18-EC4DF2F4B41C}.Debug|Mixed Platforms.ActiveCfg = Debug|Any CPU
		{333C5B6F-9597-48FA-BC18-EC4DF2F4B41C}.Debug|Mixed Platforms.Build.0 = Debug|Any CPU
		{333C5B6F-9597-48FA-BC18-EC4DF2F4B41C}.Debug|x64.ActiveCfg = Debug|Any CPU
		{333C5B6F-9597-48FA-BC18-EC4DF2F4B41C}.Debug|x86.ActiveCfg = Debug|Any CPU
		{333C5B6F-9597-48FA-BC18-EC4DF2F4B41C}.Release|Any CPU.ActiveCfg = Release|Any CPU
		{333C5B6F-9597-48FA-BC18-EC4DF2F4B41C}.Release|Any CPU.Build.0 = Release|Any CPU
		{333C5B6F-9597-48FA-BC18-EC4DF2F4B41C}.Release|ARM.ActiveCfg = Release|Any CPU
		{333C5B6F-9597-48FA-BC18-EC4DF2F4B41C}.Release|iPhone.ActiveCfg = Release|Any CPU
		{333C5B6F-9597-48FA-BC18-EC4DF2F4B41C}.Release|iPhoneSimulator.ActiveCfg = Release|Any CPU
		{333C5B6F-9597-48FA-BC18-EC4DF2F4B41C}.Release|Mixed Platforms.ActiveCfg = Release|Any CPU
		{333C5B6F-9597-48FA-BC18-EC4DF2F4B41C}.Release|Mixed Platforms.Build.0 = Release|Any CPU
		{333C5B6F-9597-48FA-BC18-EC4DF2F4B41C}.Release|x64.ActiveCfg = Release|Any CPU
		{333C5B6F-9597-48FA-BC18-EC4DF2F4B41C}.Release|x86.ActiveCfg = Release|Any CPU
	EndGlobalSection
	GlobalSection(SolutionProperties) = preSolution
		HideSolutionNode = FALSE
	EndGlobalSection
EndGlobal
